<?xml version="1.0" encoding="utf-8"?>
<Project ToolsVersion="4.0" xmlns="http://schemas.microsoft.com/developer/msbuild/2003">
  <ItemGroup>
    <ClCompile Include="src\ofApp.cpp">
      <Filter>src</Filter>
    </ClCompile>
    <ClCompile Include="src\main.cpp">
      <Filter>src</Filter>
    </ClCompile>
    <ClCompile Include="..\..\..\addons\ofxGui\src\ofxButton.cpp">
      <Filter>addons\ofxGui\src</Filter>
    </ClCompile>
    <ClCompile Include="..\..\..\addons\ofxGui\src\ofxGuiGroup.cpp">
      <Filter>addons\ofxGui\src</Filter>
    </ClCompile>
    <ClCompile Include="..\..\..\addons\ofxGui\src\ofxLabel.cpp">
      <Filter>addons\ofxGui\src</Filter>
    </ClCompile>
    <ClCompile Include="..\..\..\addons\ofxGui\src\ofxPanel.cpp">
      <Filter>addons\ofxGui\src</Filter>
    </ClCompile>
    <ClCompile Include="..\..\..\addons\ofxGui\src\ofxSlider.cpp">
      <Filter>addons\ofxGui\src</Filter>
    </ClCompile>
    <ClCompile Include="..\..\..\addons\ofxGui\src\ofxSliderGroup.cpp">
      <Filter>addons\ofxGui\src</Filter>
    </ClCompile>
    <ClCompile Include="..\..\..\addons\ofxGui\src\ofxToggle.cpp">
      <Filter>addons\ofxGui\src</Filter>
    </ClCompile>
    <ClCompile Include="..\..\..\addons\ofxGui\src\ofxBaseGui.cpp">
      <Filter>addons\ofxGui\src</Filter>
    </ClCompile>
    <ClCompile Include="..\..\..\addons\ofxARtoolkitPlus\src\ofxARToolkitPlus.cpp">
      <Filter>addons\ofxARtoolkitPlus\src</Filter>
    </ClCompile>
  </ItemGroup>
  <ItemGroup>
    <Filter Include="src">
      <UniqueIdentifier>{d8376475-7454-4a24-b08a-aac121d3ad6f}</UniqueIdentifier>
    </Filter>
    <Filter Include="addons">
      <UniqueIdentifier>{b706e9b7-8737-451b-86c8-2b9c8750ff89}</UniqueIdentifier>
    </Filter>
    <Filter Include="addons\ofxGui">
      <UniqueIdentifier>{ca60ca72-8810-452b-9fd0-c6f660005794}</UniqueIdentifier>
    </Filter>
    <Filter Include="addons\ofxGui\src">
      <UniqueIdentifier>{d8ff1b41-1c90-4432-aece-abfde815fe88}</UniqueIdentifier>
    </Filter>
    <Filter Include="addons\ofxARtoolkitPlus">
      <UniqueIdentifier>{30272066-aec6-4810-abef-6ff7ce01e905}</UniqueIdentifier>
    </Filter>
    <Filter Include="addons\ofxARtoolkitPlus\src">
      <UniqueIdentifier>{8ffad1a6-8410-48ba-8d16-699fc35c3580}</UniqueIdentifier>
    </Filter>
    <Filter Include="addons\ofxARtoolkitPlus\libs">
      <UniqueIdentifier>{ba9a3212-efd7-45e4-86b2-711e02e20f20}</UniqueIdentifier>
    </Filter>
    <Filter Include="addons\ofxARtoolkitPlus\libs\ARToolKitPlus">
      <UniqueIdentifier>{a507553f-91cf-4d18-b2bd-74ea4aabf7ee}</UniqueIdentifier>
    </Filter>
    <Filter Include="addons\ofxARtoolkitPlus\libs\ARToolKitPlus\include">
      <UniqueIdentifier>{78e35251-3460-4f06-8490-9a0e5304b209}</UniqueIdentifier>
    </Filter>
    <Filter Include="addons\ofxARtoolkitPlus\libs\ARToolKitPlus\include\ARToolKitPlus">
      <UniqueIdentifier>{f66801cd-0b7b-480d-8177-d51692b355fd}</UniqueIdentifier>
    </Filter>
    <Filter Include="addons\ofxARtoolkitPlus\libs\ARToolKitPlus\include\ARToolKitPlus\extra">
      <UniqueIdentifier>{5860d1f5-a348-4b4e-8eab-b7c919fe2748}</UniqueIdentifier>
    </Filter>
  </ItemGroup>
  <ItemGroup>
    <ClInclude Include="src\ofApp.h">
      <Filter>src</Filter>
    </ClInclude>
    <ClInclude Include="..\..\..\addons\ofxGui\src\ofxButton.h">
      <Filter>addons\ofxGui\src</Filter>
    </ClInclude>
    <ClInclude Include="..\..\..\addons\ofxGui\src\ofxGui.h">
      <Filter>addons\ofxGui\src</Filter>
    </ClInclude>
    <ClInclude Include="..\..\..\addons\ofxGui\src\ofxGuiGroup.h">
      <Filter>addons\ofxGui\src</Filter>
    </ClInclude>
    <ClInclude Include="..\..\..\addons\ofxGui\src\ofxLabel.h">
      <Filter>addons\ofxGui\src</Filter>
    </ClInclude>
    <ClInclude Include="..\..\..\addons\ofxGui\src\ofxPanel.h">
      <Filter>addons\ofxGui\src</Filter>
    </ClInclude>
    <ClInclude Include="..\..\..\addons\ofxGui\src\ofxSlider.h">
      <Filter>addons\ofxGui\src</Filter>
    </ClInclude>
    <ClInclude Include="..\..\..\addons\ofxGui\src\ofxSliderGroup.h">
      <Filter>addons\ofxGui\src</Filter>
    </ClInclude>
    <ClInclude Include="..\..\..\addons\ofxGui\src\ofxToggle.h">
      <Filter>addons\ofxGui\src</Filter>
    </ClInclude>
    <ClInclude Include="..\..\..\addons\ofxGui\src\ofxBaseGui.h">
      <Filter>addons\ofxGui\src</Filter>
    </ClInclude>
    <ClInclude Include="src\Utilities.h">
      <Filter>src</Filter>
    </ClInclude>
    <ClInclude Include="..\..\..\addons\ofxARtoolkitPlus\src\ofxARToolkitPlus.h">
      <Filter>addons\ofxARtoolkitPlus\src</Filter>
    </ClInclude>
    <ClInclude Include="..\..\..\addons\ofxARtoolkitPlus\libs\ARToolKitPlus\include\ARToolKitPlus\ar.h">
      <Filter>addons\ofxARtoolkitPlus\libs\ARToolKitPlus\include\ARToolKitPlus</Filter>
    </ClInclude>
    <ClInclude Include="..\..\..\addons\ofxARtoolkitPlus\libs\ARToolKitPlus\include\ARToolKitPlus\arBitFieldPattern.h">
      <Filter>addons\ofxARtoolkitPlus\libs\ARToolKitPlus\include\ARToolKitPlus</Filter>
    </ClInclude>
    <ClInclude Include="..\..\..\addons\ofxARtoolkitPlus\libs\ARToolKitPlus\include\ARToolKitPlus\arGetInitRot2Sub.h">
      <Filter>addons\ofxARtoolkitPlus\libs\ARToolKitPlus\include\ARToolKitPlus</Filter>
    </ClInclude>
    <ClInclude Include="..\..\..\addons\ofxARtoolkitPlus\libs\ARToolKitPlus\include\ARToolKitPlus\arMulti.h">
      <Filter>addons\ofxARtoolkitPlus\libs\ARToolKitPlus\include\ARToolKitPlus</Filter>
    </ClInclude>
    <ClInclude Include="..\..\..\addons\ofxARtoolkitPlus\libs\ARToolKitPlus\include\ARToolKitPlus\ARToolKitPlus.h">
      <Filter>addons\ofxARtoolkitPlus\libs\ARToolKitPlus\include\ARToolKitPlus</Filter>
    </ClInclude>
    <ClInclude Include="..\..\..\addons\ofxARtoolkitPlus\libs\ARToolKitPlus\include\ARToolKitPlus\Camera.h">
      <Filter>addons\ofxARtoolkitPlus\libs\ARToolKitPlus\include\ARToolKitPlus</Filter>
    </ClInclude>
    <ClInclude Include="..\..\..\addons\ofxARtoolkitPlus\libs\ARToolKitPlus\include\ARToolKitPlus\config.h">
      <Filter>addons\ofxARtoolkitPlus\libs\ARToolKitPlus\include\ARToolKitPlus</Filter>
    </ClInclude>
    <ClInclude Include="..\..\..\addons\ofxARtoolkitPlus\libs\ARToolKitPlus\include\ARToolKitPlus\matrix.h">
      <Filter>addons\ofxARtoolkitPlus\libs\ARToolKitPlus\include\ARToolKitPlus</Filter>
    </ClInclude>
    <ClInclude Include="..\..\..\addons\ofxARtoolkitPlus\libs\ARToolKitPlus\include\ARToolKitPlus\Tracker.h">
      <Filter>addons\ofxARtoolkitPlus\libs\ARToolKitPlus\include\ARToolKitPlus</Filter>
    </ClInclude>
    <ClInclude Include="..\..\..\addons\ofxARtoolkitPlus\libs\ARToolKitPlus\include\ARToolKitPlus\TrackerMultiMarker.h">
      <Filter>addons\ofxARtoolkitPlus\libs\ARToolKitPlus\include\ARToolKitPlus</Filter>
    </ClInclude>
    <ClInclude Include="..\..\..\addons\ofxARtoolkitPlus\libs\ARToolKitPlus\include\ARToolKitPlus\TrackerSingleMarker.h">
      <Filter>addons\ofxARtoolkitPlus\libs\ARToolKitPlus\include\ARToolKitPlus</Filter>
    </ClInclude>
    <ClInclude Include="..\..\..\addons\ofxARtoolkitPlus\libs\ARToolKitPlus\include\ARToolKitPlus\vector.h">
      <Filter>addons\ofxARtoolkitPlus\libs\ARToolKitPlus\include\ARToolKitPlus</Filter>
    </ClInclude>
    <ClInclude Include="..\..\..\addons\ofxARtoolkitPlus\libs\ARToolKitPlus\include\ARToolKitPlus\extra\Hull.h">
      <Filter>addons\ofxARtoolkitPlus\libs\ARToolKitPlus\include\ARToolKitPlus\extra</Filter>
    </ClInclude>
    <ClInclude Include="..\..\..\addons\ofxARtoolkitPlus\libs\ARToolKitPlus\include\ARToolKitPlus\extra\rpp.h">
      <Filter>addons\ofxARtoolkitPlus\libs\ARToolKitPlus\include\ARToolKitPlus\extra</Filter>
    </ClInclude>
    <ClInclude Include="..\..\..\addons\ofxARtoolkitPlus\libs\ARToolKitPlus\include\ARToolKitPlus\extra\BCH.h">
      <Filter>addons\ofxARtoolkitPlus\libs\ARToolKitPlus\include\ARToolKitPlus\extra</Filter>
    </ClInclude>
  </ItemGroup>
  <ItemGroup>
    <ResourceCompile Include="icon.rc" />
  </ItemGroup>
</Project>